
Microsoft Visual Studio Solution File, Format Version 12.00
# Visual Studio Version 17
VisualStudioVersion = 17.8.34004.107
MinimumVisualStudioVersion = 10.0.40219.1
Project("{FAE04EC0-301F-11D3-BF4B-00C04F79EFBC}") = "Task_3", "Task_3\Task_3.csproj", "{1B806366-091E-427D-A1F7-DFAE2D0E30B0}"
EndProject
Global
	GlobalSection(SolutionConfigurationPlatforms) = preSolution
		Debug|Any CPU = Debug|Any CPU
		Release|Any CPU = Release|Any CPU
	EndGlobalSection
	GlobalSection(ProjectConfigurationPlatforms) = postSolution
		{1B806366-091E-427D-A1F7-DFAE2D0E30B0}.Debug|Any CPU.ActiveCfg = Debug|Any CPU
		{1B806366-091E-427D-A1F7-DFAE2D0E30B0}.Debug|Any CPU.Build.0 = Debug|Any CPU
		{1B806366-091E-427D-A1F7-DFAE2D0E30B0}.Release|Any CPU.ActiveCfg = Release|Any CPU
		{1B806366-091E-427D-A1F7-DFAE2D0E30B0}.Release|Any CPU.Build.0 = Release|Any CPU
	EndGlobalSection
	GlobalSection(SolutionProperties) = preSolution
		HideSolutionNode = FALSE
	EndGlobalSection
	GlobalSection(ExtensibilityGlobals) = postSolution
		SolutionGuid = {33729C23-7B97-4F74-8EA7-AEBC4497ED47}
	EndGlobalSection
EndGlobal
